
Microsoft Visual Studio Solution File, Format Version 12.00
# Visual Studio Version 16
VisualStudioVersion = 16.0.30907.101
MinimumVisualStudioVersion = 10.0.40219.1
Project("{FAE04EC0-301F-11D3-BF4B-00C04F79EFBC}") = "CNTI365.FACTUR.WEBSERVICE", "CNTI365.FACTUR.WEBSERVICE\CNTI365.FACTUR.WEBSERVICE.csproj", "{3822E01D-8D9D-4C91-BAE5-4E364B1138A7}"
EndProject
Project("{FAE04EC0-301F-11D3-BF4B-00C04F79EFBC}") = "CNTI365.FACTUR.ENTITY", "CNTI365.FACTUR.ENTITY\CNTI365.FACTUR.ENTITY.csproj", "{BB0857A6-E176-4E70-BD73-367042482B91}"
EndProject
Project("{FAE04EC0-301F-11D3-BF4B-00C04F79EFBC}") = "CNTI365.FACTUR.DATOS", "CNTI365.FACTUR.DATOS\CNTI365.FACTUR.DATOS.csproj", "{FF513C42-70C1-4D8D-848B-8B70E096FB4F}"
EndProject
Global
	GlobalSection(SolutionConfigurationPlatforms) = preSolution
		Debug|Any CPU = Debug|Any CPU
		Release|Any CPU = Release|Any CPU
	EndGlobalSection
	GlobalSection(ProjectConfigurationPlatforms) = postSolution
		{3822E01D-8D9D-4C91-BAE5-4E364B1138A7}.Debug|Any CPU.ActiveCfg = Debug|Any CPU
		{3822E01D-8D9D-4C91-BAE5-4E364B1138A7}.Debug|Any CPU.Build.0 = Debug|Any CPU
		{3822E01D-8D9D-4C91-BAE5-4E364B1138A7}.Release|Any CPU.ActiveCfg = Release|Any CPU
		{3822E01D-8D9D-4C91-BAE5-4E364B1138A7}.Release|Any CPU.Build.0 = Release|Any CPU
		{BB0857A6-E176-4E70-BD73-367042482B91}.Debug|Any CPU.ActiveCfg = Debug|Any CPU
		{BB0857A6-E176-4E70-BD73-367042482B91}.Debug|Any CPU.Build.0 = Debug|Any CPU
		{BB0857A6-E176-4E70-BD73-367042482B91}.Release|Any CPU.ActiveCfg = Release|Any CPU
		{BB0857A6-E176-4E70-BD73-367042482B91}.Release|Any CPU.Build.0 = Release|Any CPU
		{FF513C42-70C1-4D8D-848B-8B70E096FB4F}.Debug|Any CPU.ActiveCfg = Debug|Any CPU
		{FF513C42-70C1-4D8D-848B-8B70E096FB4F}.Debug|Any CPU.Build.0 = Debug|Any CPU
		{FF513C42-70C1-4D8D-848B-8B70E096FB4F}.Release|Any CPU.ActiveCfg = Release|Any CPU
		{FF513C42-70C1-4D8D-848B-8B70E096FB4F}.Release|Any CPU.Build.0 = Release|Any CPU
	EndGlobalSection
	GlobalSection(SolutionProperties) = preSolution
		HideSolutionNode = FALSE
	EndGlobalSection
	GlobalSection(ExtensibilityGlobals) = postSolution
		SolutionGuid = {CF5A10EE-5A51-4043-A0A9-D39EBAD0F1AA}
	EndGlobalSection
EndGlobal
